
Microsoft Visual Studio Solution File, Format Version 12.00
# Visual Studio Version 17
VisualStudioVersion = 17.0.31903.59
MinimumVisualStudioVersion = 10.0.40219.1
Project("{2150E333-8FDC-42A3-9474-1A3956D46DE8}") = "src", "src", "{A1634AAA-88F2-419A-94CB-2A9E482E8D00}"
EndProject
Project("{FAE04EC0-301F-11D3-BF4B-00C04F79EFBC}") = "SocialApp.SharedKernel", "src\SocialApp.SharedKernel\SocialApp.SharedKernel.csproj", "{2E12003A-2B5E-498F-99AF-A161225C0F16}"
EndProject
Project("{FAE04EC0-301F-11D3-BF4B-00C04F79EFBC}") = "SocialApp.Api", "src\SocialApp.Api\SocialApp.Api.csproj", "{DB1CE92C-6BC3-405B-9C25-4D1190B3564A}"
EndProject
Project("{2150E333-8FDC-42A3-9474-1A3956D46DE8}") = "Modules", "Modules", "{539E556E-E183-41AA-B888-FD1F82C98882}"
EndProject
Project("{FAE04EC0-301F-11D3-BF4B-00C04F79EFBC}") = "SocialApp.Modules.Content", "src\Modules\Content\SocialApp.Modules.Content.csproj", "{CCA2DD14-16CB-4B34-A483-271D60B77A48}"
EndProject
Project("{FAE04EC0-301F-11D3-BF4B-00C04F79EFBC}") = "SocialApp.Modules.Identity", "src\Modules\Identity\SocialApp.Modules.Identity.csproj", "{DDB9003E-298D-4392-B7FF-E596232591A0}"
EndProject
Project("{FAE04EC0-301F-11D3-BF4B-00C04F79EFBC}") = "SocialApp.Modules.Messaging", "src\Modules\Messaging\SocialApp.Modules.Messaging.csproj", "{86FC388D-F61F-4E13-9B57-9BDB1F2B9005}"
EndProject
Project("{FAE04EC0-301F-11D3-BF4B-00C04F79EFBC}") = "SocialApp.Modules.Moderation", "src\Modules\Moderation\SocialApp.Modules.Moderation.csproj", "{558DCC03-B00A-4538-A52F-0E77620CDC10}"
EndProject
Project("{FAE04EC0-301F-11D3-BF4B-00C04F79EFBC}") = "SocialApp.Modules.Notification", "src\Modules\Notification\SocialApp.Modules.Notification.csproj", "{73537113-7C0F-49E6-BC16-35C6CD451F24}"
EndProject
Project("{FAE04EC0-301F-11D3-BF4B-00C04F79EFBC}") = "SocialApp.Modules.Profile", "src\Modules\Profile\SocialApp.Modules.Profile.csproj", "{2430026E-2C0E-4B11-BAE2-98FD134ECC7C}"
EndProject
Project("{FAE04EC0-301F-11D3-BF4B-00C04F79EFBC}") = "SocialApp.Modules.SocialGraph", "src\Modules\SocialGraph\SocialApp.Modules.SocialGraph.csproj", "{E1EBED5C-C8F9-40AF-A0B7-C5280D5168CC}"
EndProject
Project("{2150E333-8FDC-42A3-9474-1A3956D46DE8}") = "tests", "tests", "{E3095A49-4061-4275-A690-304138CFAE25}"
EndProject
Project("{FAE04EC0-301F-11D3-BF4B-00C04F79EFBC}") = "SocialApp.UnitTests", "tests\SocialApp.UnitTests\SocialApp.UnitTests.csproj", "{AD7C5963-5A94-4C4E-9B03-8B7B6FD3EE86}"
EndProject
Project("{FAE04EC0-301F-11D3-BF4B-00C04F79EFBC}") = "SocialApp.IntegrationTests", "tests\SocialApp.IntegrationTests\SocialApp.IntegrationTests.csproj", "{ED0EE181-5337-4BF3-9842-C9F4E685EFE7}"
EndProject
Project("{FAE04EC0-301F-11D3-BF4B-00C04F79EFBC}") = "SocialApp.ArchitectureTests", "tests\SocialApp.ArchitectureTests\SocialApp.ArchitectureTests.csproj", "{DF3A8968-BDE0-47E4-BF38-10E47163C784}"
EndProject
Global
	GlobalSection(SolutionConfigurationPlatforms) = preSolution
		Debug|Any CPU = Debug|Any CPU
		Release|Any CPU = Release|Any CPU
	EndGlobalSection
	GlobalSection(SolutionProperties) = preSolution
		HideSolutionNode = FALSE
	EndGlobalSection
	GlobalSection(ProjectConfigurationPlatforms) = postSolution
		{2E12003A-2B5E-498F-99AF-A161225C0F16}.Debug|Any CPU.ActiveCfg = Debug|Any CPU
		{2E12003A-2B5E-498F-99AF-A161225C0F16}.Debug|Any CPU.Build.0 = Debug|Any CPU
		{2E12003A-2B5E-498F-99AF-A161225C0F16}.Release|Any CPU.ActiveCfg = Release|Any CPU
		{2E12003A-2B5E-498F-99AF-A161225C0F16}.Release|Any CPU.Build.0 = Release|Any CPU
		{DB1CE92C-6BC3-405B-9C25-4D1190B3564A}.Debug|Any CPU.ActiveCfg = Debug|Any CPU
		{DB1CE92C-6BC3-405B-9C25-4D1190B3564A}.Debug|Any CPU.Build.0 = Debug|Any CPU
		{DB1CE92C-6BC3-405B-9C25-4D1190B3564A}.Release|Any CPU.ActiveCfg = Release|Any CPU
		{DB1CE92C-6BC3-405B-9C25-4D1190B3564A}.Release|Any CPU.Build.0 = Release|Any CPU
		{CCA2DD14-16CB-4B34-A483-271D60B77A48}.Debug|Any CPU.ActiveCfg = Debug|Any CPU
		{CCA2DD14-16CB-4B34-A483-271D60B77A48}.Debug|Any CPU.Build.0 = Debug|Any CPU
		{CCA2DD14-16CB-4B34-A483-271D60B77A48}.Release|Any CPU.ActiveCfg = Release|Any CPU
		{CCA2DD14-16CB-4B34-A483-271D60B77A48}.Release|Any CPU.Build.0 = Release|Any CPU
		{DDB9003E-298D-4392-B7FF-E596232591A0}.Debug|Any CPU.ActiveCfg = Debug|Any CPU
		{DDB9003E-298D-4392-B7FF-E596232591A0}.Debug|Any CPU.Build.0 = Debug|Any CPU
		{DDB9003E-298D-4392-B7FF-E596232591A0}.Release|Any CPU.ActiveCfg = Release|Any CPU
		{DDB9003E-298D-4392-B7FF-E596232591A0}.Release|Any CPU.Build.0 = Release|Any CPU
		{86FC388D-F61F-4E13-9B57-9BDB1F2B9005}.Debug|Any CPU.ActiveCfg = Debug|Any CPU
		{86FC388D-F61F-4E13-9B57-9BDB1F2B9005}.Debug|Any CPU.Build.0 = Debug|Any CPU
		{86FC388D-F61F-4E13-9B57-9BDB1F2B9005}.Release|Any CPU.ActiveCfg = Release|Any CPU
		{86FC388D-F61F-4E13-9B57-9BDB1F2B9005}.Release|Any CPU.Build.0 = Release|Any CPU
		{558DCC03-B00A-4538-A52F-0E77620CDC10}.Debug|Any CPU.ActiveCfg = Debug|Any CPU
		{558DCC03-B00A-4538-A52F-0E77620CDC10}.Debug|Any CPU.Build.0 = Debug|Any CPU
		{558DCC03-B00A-4538-A52F-0E77620CDC10}.Release|Any CPU.ActiveCfg = Release|Any CPU
		{558DCC03-B00A-4538-A52F-0E77620CDC10}.Release|Any CPU.Build.0 = Release|Any CPU
		{73537113-7C0F-49E6-BC16-35C6CD451F24}.Debug|Any CPU.ActiveCfg = Debug|Any CPU
		{73537113-7C0F-49E6-BC16-35C6CD451F24}.Debug|Any CPU.Build.0 = Debug|Any CPU
		{73537113-7C0F-49E6-BC16-35C6CD451F24}.Release|Any CPU.ActiveCfg = Release|Any CPU
		{73537113-7C0F-49E6-BC16-35C6CD451F24}.Release|Any CPU.Build.0 = Release|Any CPU
		{2430026E-2C0E-4B11-BAE2-98FD134ECC7C}.Debug|Any CPU.ActiveCfg = Debug|Any CPU
		{2430026E-2C0E-4B11-BAE2-98FD134ECC7C}.Debug|Any CPU.Build.0 = Debug|Any CPU
		{2430026E-2C0E-4B11-BAE2-98FD134ECC7C}.Release|Any CPU.ActiveCfg = Release|Any CPU
		{2430026E-2C0E-4B11-BAE2-98FD134ECC7C}.Release|Any CPU.Build.0 = Release|Any CPU
		{E1EBED5C-C8F9-40AF-A0B7-C5280D5168CC}.Debug|Any CPU.ActiveCfg = Debug|Any CPU
		{E1EBED5C-C8F9-40AF-A0B7-C5280D5168CC}.Debug|Any CPU.Build.0 = Debug|Any CPU
		{E1EBED5C-C8F9-40AF-A0B7-C5280D5168CC}.Release|Any CPU.ActiveCfg = Release|Any CPU
		{E1EBED5C-C8F9-40AF-A0B7-C5280D5168CC}.Release|Any CPU.Build.0 = Release|Any CPU
		{AD7C5963-5A94-4C4E-9B03-8B7B6FD3EE86}.Debug|Any CPU.ActiveCfg = Debug|Any CPU
		{AD7C5963-5A94-4C4E-9B03-8B7B6FD3EE86}.Debug|Any CPU.Build.0 = Debug|Any CPU
		{AD7C5963-5A94-4C4E-9B03-8B7B6FD3EE86}.Release|Any CPU.ActiveCfg = Release|Any CPU
		{AD7C5963-5A94-4C4E-9B03-8B7B6FD3EE86}.Release|Any CPU.Build.0 = Release|Any CPU
		{ED0EE181-5337-4BF3-9842-C9F4E685EFE7}.Debug|Any CPU.ActiveCfg = Debug|Any CPU
		{ED0EE181-5337-4BF3-9842-C9F4E685EFE7}.Debug|Any CPU.Build.0 = Debug|Any CPU
		{ED0EE181-5337-4BF3-9842-C9F4E685EFE7}.Release|Any CPU.ActiveCfg = Release|Any CPU
		{ED0EE181-5337-4BF3-9842-C9F4E685EFE7}.Release|Any CPU.Build.0 = Release|Any CPU
		{DF3A8968-BDE0-47E4-BF38-10E47163C784}.Debug|Any CPU.ActiveCfg = Debug|Any CPU
		{DF3A8968-BDE0-47E4-BF38-10E47163C784}.Debug|Any CPU.Build.0 = Debug|Any CPU
		{DF3A8968-BDE0-47E4-BF38-10E47163C784}.Release|Any CPU.ActiveCfg = Release|Any CPU
		{DF3A8968-BDE0-47E4-BF38-10E47163C784}.Release|Any CPU.Build.0 = Release|Any CPU
	EndGlobalSection
	GlobalSection(NestedProjects) = preSolution
		{2E12003A-2B5E-498F-99AF-A161225C0F16} = {A1634AAA-88F2-419A-94CB-2A9E482E8D00}
		{DB1CE92C-6BC3-405B-9C25-4D1190B3564A} = {A1634AAA-88F2-419A-94CB-2A9E482E8D00}
		{539E556E-E183-41AA-B888-FD1F82C98882} = {A1634AAA-88F2-419A-94CB-2A9E482E8D00}
		{CCA2DD14-16CB-4B34-A483-271D60B77A48} = {539E556E-E183-41AA-B888-FD1F82C98882}
		{DDB9003E-298D-4392-B7FF-E596232591A0} = {539E556E-E183-41AA-B888-FD1F82C98882}
		{86FC388D-F61F-4E13-9B57-9BDB1F2B9005} = {539E556E-E183-41AA-B888-FD1F82C98882}
		{558DCC03-B00A-4538-A52F-0E77620CDC10} = {539E556E-E183-41AA-B888-FD1F82C98882}
		{73537113-7C0F-49E6-BC16-35C6CD451F24} = {539E556E-E183-41AA-B888-FD1F82C98882}
		{2430026E-2C0E-4B11-BAE2-98FD134ECC7C} = {539E556E-E183-41AA-B888-FD1F82C98882}
		{E1EBED5C-C8F9-40AF-A0B7-C5280D5168CC} = {539E556E-E183-41AA-B888-FD1F82C98882}
		{AD7C5963-5A94-4C4E-9B03-8B7B6FD3EE86} = {E3095A49-4061-4275-A690-304138CFAE25}
		{ED0EE181-5337-4BF3-9842-C9F4E685EFE7} = {E3095A49-4061-4275-A690-304138CFAE25}
		{DF3A8968-BDE0-47E4-BF38-10E47163C784} = {E3095A49-4061-4275-A690-304138CFAE25}
	EndGlobalSection
EndGlobal
